
Microsoft Visual Studio Solution File, Format Version 12.00
# Visual Studio Version 17
VisualStudioVersion = 17.0.31903.59
MinimumVisualStudioVersion = 10.0.40219.1
Project("{9A19103F-16F7-4668-BE54-9A1E7A4F7556}") = "UmbCheckout.TestSite", "UmbCheckout.TestSite\UmbCheckout.TestSite.csproj", "{10E1C44E-10E6-49E3-A03A-FC1ED207547B}"
EndProject
Project("{9A19103F-16F7-4668-BE54-9A1E7A4F7556}") = "UmbCheckout.Backoffice", "src\UmbCheckout.Backoffice\UmbCheckout.Backoffice.csproj", "{82B95291-CE73-42E7-ADFD-59B7FB9A9B99}"
EndProject
Project("{9A19103F-16F7-4668-BE54-9A1E7A4F7556}") = "UmbCheckout.Core", "src\UmbCheckout.Core\UmbCheckout.Core.csproj", "{52F3FFCA-0BDA-49F5-B822-BC6679DA1D04}"
EndProject
Project("{9A19103F-16F7-4668-BE54-9A1E7A4F7556}") = "UmbCheckout.Shared", "src\UmbCheckout.Shared\UmbCheckout.Shared.csproj", "{6C6E924A-9934-40E5-A888-357F63D542B5}"
EndProject
Project("{9A19103F-16F7-4668-BE54-9A1E7A4F7556}") = "UmbCheckout.Stripe", "src\UmbCheckout.Stripe\UmbCheckout.Stripe.csproj", "{591E81B3-3625-490D-8CF0-BF8C3955F175}"
EndProject
Global
	GlobalSection(SolutionConfigurationPlatforms) = preSolution
		Debug|Any CPU = Debug|Any CPU
		Release|Any CPU = Release|Any CPU
	EndGlobalSection
	GlobalSection(ProjectConfigurationPlatforms) = postSolution
		{10E1C44E-10E6-49E3-A03A-FC1ED207547B}.Debug|Any CPU.ActiveCfg = Debug|Any CPU
		{10E1C44E-10E6-49E3-A03A-FC1ED207547B}.Debug|Any CPU.Build.0 = Debug|Any CPU
		{10E1C44E-10E6-49E3-A03A-FC1ED207547B}.Release|Any CPU.ActiveCfg = Release|Any CPU
		{10E1C44E-10E6-49E3-A03A-FC1ED207547B}.Release|Any CPU.Build.0 = Release|Any CPU
		{82B95291-CE73-42E7-ADFD-59B7FB9A9B99}.Debug|Any CPU.ActiveCfg = Debug|Any CPU
		{82B95291-CE73-42E7-ADFD-59B7FB9A9B99}.Debug|Any CPU.Build.0 = Debug|Any CPU
		{82B95291-CE73-42E7-ADFD-59B7FB9A9B99}.Release|Any CPU.ActiveCfg = Release|Any CPU
		{82B95291-CE73-42E7-ADFD-59B7FB9A9B99}.Release|Any CPU.Build.0 = Release|Any CPU
		{52F3FFCA-0BDA-49F5-B822-BC6679DA1D04}.Debug|Any CPU.ActiveCfg = Debug|Any CPU
		{52F3FFCA-0BDA-49F5-B822-BC6679DA1D04}.Debug|Any CPU.Build.0 = Debug|Any CPU
		{52F3FFCA-0BDA-49F5-B822-BC6679DA1D04}.Release|Any CPU.ActiveCfg = Release|Any CPU
		{52F3FFCA-0BDA-49F5-B822-BC6679DA1D04}.Release|Any CPU.Build.0 = Release|Any CPU
		{6C6E924A-9934-40E5-A888-357F63D542B5}.Debug|Any CPU.ActiveCfg = Debug|Any CPU
		{6C6E924A-9934-40E5-A888-357F63D542B5}.Debug|Any CPU.Build.0 = Debug|Any CPU
		{6C6E924A-9934-40E5-A888-357F63D542B5}.Release|Any CPU.ActiveCfg = Release|Any CPU
		{6C6E924A-9934-40E5-A888-357F63D542B5}.Release|Any CPU.Build.0 = Release|Any CPU
		{591E81B3-3625-490D-8CF0-BF8C3955F175}.Debug|Any CPU.ActiveCfg = Debug|Any CPU
		{591E81B3-3625-490D-8CF0-BF8C3955F175}.Debug|Any CPU.Build.0 = Debug|Any CPU
		{591E81B3-3625-490D-8CF0-BF8C3955F175}.Release|Any CPU.ActiveCfg = Release|Any CPU
		{591E81B3-3625-490D-8CF0-BF8C3955F175}.Release|Any CPU.Build.0 = Release|Any CPU
	EndGlobalSection
	GlobalSection(SolutionProperties) = preSolution
		HideSolutionNode = FALSE
	EndGlobalSection
	GlobalSection(ExtensibilityGlobals) = postSolution
		SolutionGuid = {8776F2D4-5314-4147-9D8D-997E592A524A}
	EndGlobalSection
EndGlobal
